{
  "name": "Playlist",
  "lockfileVersion": 3,
  "requires": true,
  "packages": {
    "": {
      "dependencies": {
        "cropt": "^0.9.0"
      }
    },
    "node_modules/cropt": {
      "version": "0.9.0",
      "resolved": "https://registry.npmjs.org/cropt/-/cropt-0.9.0.tgz",
      "integrity": "sha512-gEvw2sk3ZSutjRw4sNM4WNryqpBL8cF7t9ajE0rtdu9nf8+mXFnYnltJos3LCVSQL41OsE9W1McyrieSCpyFlQ=="
    }
  }
}
